
Microsoft Visual Studio Solution File, Format Version 12.00
# Visual Studio Version 17
VisualStudioVersion = 17.2.32630.192
MinimumVisualStudioVersion = 10.0.40219.1
Project("{9A19103F-16F7-4668-BE54-9A1E7A4F7556}") = "DSPractice", "ConsoleApp1\DSPractice.csproj", "{8584CAA8-38B3-4E3B-AF50-6D5A5C6084CE}"
EndProject
Project("{9A19103F-16F7-4668-BE54-9A1E7A4F7556}") = "WorkerService", "WorkerService\WorkerService.csproj", "{CC7B4004-EB5F-4EF0-B0DD-E686B236C424}"
EndProject
Project("{9A19103F-16F7-4668-BE54-9A1E7A4F7556}") = "AsyncAwaitProgramming", "AsyncAwaitProgramming\AsyncAwaitProgramming.csproj", "{918B6C0F-EF14-4420-A4FF-6120B3990E56}"
EndProject
Project("{FAE04EC0-301F-11D3-BF4B-00C04F79EFBC}") = "DesignPatterns", "DesignPatterns\DesignPatterns.csproj", "{F5F32EF3-205A-476A-A8E7-2A34B5D67029}"
EndProject
Global
	GlobalSection(SolutionConfigurationPlatforms) = preSolution
		Debug|Any CPU = Debug|Any CPU
		Release|Any CPU = Release|Any CPU
	EndGlobalSection
	GlobalSection(ProjectConfigurationPlatforms) = postSolution
		{8584CAA8-38B3-4E3B-AF50-6D5A5C6084CE}.Debug|Any CPU.ActiveCfg = Debug|Any CPU
		{8584CAA8-38B3-4E3B-AF50-6D5A5C6084CE}.Debug|Any CPU.Build.0 = Debug|Any CPU
		{8584CAA8-38B3-4E3B-AF50-6D5A5C6084CE}.Release|Any CPU.ActiveCfg = Release|Any CPU
		{8584CAA8-38B3-4E3B-AF50-6D5A5C6084CE}.Release|Any CPU.Build.0 = Release|Any CPU
		{CC7B4004-EB5F-4EF0-B0DD-E686B236C424}.Debug|Any CPU.ActiveCfg = Debug|Any CPU
		{CC7B4004-EB5F-4EF0-B0DD-E686B236C424}.Debug|Any CPU.Build.0 = Debug|Any CPU
		{CC7B4004-EB5F-4EF0-B0DD-E686B236C424}.Release|Any CPU.ActiveCfg = Release|Any CPU
		{CC7B4004-EB5F-4EF0-B0DD-E686B236C424}.Release|Any CPU.Build.0 = Release|Any CPU
		{918B6C0F-EF14-4420-A4FF-6120B3990E56}.Debug|Any CPU.ActiveCfg = Debug|Any CPU
		{918B6C0F-EF14-4420-A4FF-6120B3990E56}.Debug|Any CPU.Build.0 = Debug|Any CPU
		{918B6C0F-EF14-4420-A4FF-6120B3990E56}.Release|Any CPU.ActiveCfg = Release|Any CPU
		{918B6C0F-EF14-4420-A4FF-6120B3990E56}.Release|Any CPU.Build.0 = Release|Any CPU
		{F5F32EF3-205A-476A-A8E7-2A34B5D67029}.Debug|Any CPU.ActiveCfg = Debug|Any CPU
		{F5F32EF3-205A-476A-A8E7-2A34B5D67029}.Debug|Any CPU.Build.0 = Debug|Any CPU
		{F5F32EF3-205A-476A-A8E7-2A34B5D67029}.Release|Any CPU.ActiveCfg = Release|Any CPU
		{F5F32EF3-205A-476A-A8E7-2A34B5D67029}.Release|Any CPU.Build.0 = Release|Any CPU
	EndGlobalSection
	GlobalSection(SolutionProperties) = preSolution
		HideSolutionNode = FALSE
	EndGlobalSection
	GlobalSection(ExtensibilityGlobals) = postSolution
		SolutionGuid = {FE3AC552-6582-4655-A407-448C2954B3CA}
	EndGlobalSection
EndGlobal
