
Microsoft Visual Studio Solution File, Format Version 12.00
# Visual Studio Version 17
VisualStudioVersion = 17.2.32630.192
MinimumVisualStudioVersion = 10.0.40219.1
Project("{9A19103F-16F7-4668-BE54-9A1E7A4F7556}") = "DSPractice", "ConsoleApp1\DSPractice.csproj", "{8584CAA8-38B3-4E3B-AF50-6D5A5C6084CE}"
EndProject
Global
	GlobalSection(SolutionConfigurationPlatforms) = preSolution
		Debug|Any CPU = Debug|Any CPU
		Release|Any CPU = Release|Any CPU
	EndGlobalSection
	GlobalSection(ProjectConfigurationPlatforms) = postSolution
		{8584CAA8-38B3-4E3B-AF50-6D5A5C6084CE}.Debug|Any CPU.ActiveCfg = Debug|Any CPU
		{8584CAA8-38B3-4E3B-AF50-6D5A5C6084CE}.Debug|Any CPU.Build.0 = Debug|Any CPU
		{8584CAA8-38B3-4E3B-AF50-6D5A5C6084CE}.Release|Any CPU.ActiveCfg = Release|Any CPU
		{8584CAA8-38B3-4E3B-AF50-6D5A5C6084CE}.Release|Any CPU.Build.0 = Release|Any CPU
	EndGlobalSection
	GlobalSection(SolutionProperties) = preSolution
		HideSolutionNode = FALSE
	EndGlobalSection
	GlobalSection(ExtensibilityGlobals) = postSolution
		SolutionGuid = {FE3AC552-6582-4655-A407-448C2954B3CA}
	EndGlobalSection
EndGlobal
